{
    "version": 3,
    "terraform_version": "0.11.11",
    "serial": 7,
    "lineage": "2485f705-4da3-9332-1cf7-f0003dc1f86b",
    "modules": [
        {
            "path": [
                "root"
            ],
            "outputs": {},
            "resources": {
                "google_compute_instance.default": {
                    "type": "google_compute_instance",
                    "depends_on": [
                        "random_id.instance_id"
                    ],
                    "primary": {
                        "id": "flask-vm-3dbb5753562df29a",
                        "attributes": {
                            "attached_disk.#": "0",
                            "boot_disk.#": "1",
                            "boot_disk.0.auto_delete": "true",
                            "boot_disk.0.device_name": "persistent-disk-0",
                            "boot_disk.0.disk_encryption_key_raw": "",
                            "boot_disk.0.disk_encryption_key_sha256": "",
                            "boot_disk.0.initialize_params.#": "1",
                            "boot_disk.0.initialize_params.0.image": "https://www.googleapis.com/compute/v1/projects/debian-cloud/global/images/debian-9-stretch-v20190618",
                            "boot_disk.0.initialize_params.0.size": "10",
                            "boot_disk.0.initialize_params.0.type": "pd-standard",
                            "boot_disk.0.kms_key_self_link": "",
                            "boot_disk.0.source": "https://www.googleapis.com/compute/v1/projects/causal-temple-244304/zones/us-west1-a/disks/flask-vm-3dbb5753562df29a",
                            "can_ip_forward": "false",
                            "cpu_platform": "Intel Broadwell",
                            "deletion_protection": "false",
                            "guest_accelerator.#": "0",
                            "hostname": "",
                            "id": "flask-vm-3dbb5753562df29a",
                            "instance_id": "4870488951617552064",
                            "label_fingerprint": "42WmSpB8rSM=",
                            "labels.%": "0",
                            "machine_type": "f1-micro",
                            "metadata.%": "0",
                            "metadata_fingerprint": "NlSzk850Ycg=",
                            "metadata_startup_script": "sudo apt-get update; sudo apt-get install -yq build-essential python-pip rsync; pip install flask",
                            "min_cpu_platform": "",
                            "name": "flask-vm-3dbb5753562df29a",
                            "network_interface.#": "1",
                            "network_interface.0.access_config.#": "1",
                            "network_interface.0.access_config.0.assigned_nat_ip": "",
                            "network_interface.0.access_config.0.nat_ip": "35.247.81.74",
                            "network_interface.0.access_config.0.network_tier": "PREMIUM",
                            "network_interface.0.access_config.0.public_ptr_domain_name": "",
                            "network_interface.0.address": "",
                            "network_interface.0.alias_ip_range.#": "0",
                            "network_interface.0.name": "nic0",
                            "network_interface.0.network": "https://www.googleapis.com/compute/v1/projects/causal-temple-244304/global/networks/default",
                            "network_interface.0.network_ip": "10.138.0.3",
                            "network_interface.0.subnetwork": "https://www.googleapis.com/compute/v1/projects/causal-temple-244304/regions/us-west1/subnetworks/default",
                            "network_interface.0.subnetwork_project": "causal-temple-244304",
                            "project": "causal-temple-244304",
                            "scheduling.#": "1",
                            "scheduling.0.automatic_restart": "true",
                            "scheduling.0.node_affinities.#": "0",
                            "scheduling.0.on_host_maintenance": "MIGRATE",
                            "scheduling.0.preemptible": "false",
                            "scratch_disk.#": "0",
                            "self_link": "https://www.googleapis.com/compute/v1/projects/causal-temple-244304/zones/us-west1-a/instances/flask-vm-3dbb5753562df29a",
                            "service_account.#": "0",
                            "shielded_instance_config.#": "0",
                            "tags.#": "0",
                            "tags_fingerprint": "42WmSpB8rSM=",
                            "zone": "us-west1-a"
                        },
                        "meta": {
                            "e2bfb730-ecaa-11e6-8f88-34363bc7c4c0": {
                                "create": 1200000000000,
                                "delete": 1200000000000,
                                "update": 1200000000000
                            },
                            "schema_version": "6"
                        },
                        "tainted": false
                    },
                    "deposed": [],
                    "provider": "provider.google"
                },
                "google_sql_database.database": {
                    "type": "google_sql_database",
                    "depends_on": [
                        "google_sql_database_instance.postgres"
                    ],
                    "primary": {
                        "id": "postgres:udb",
                        "attributes": {
                            "charset": "UTF8",
                            "collation": "en_US.UTF8",
                            "id": "postgres:udb",
                            "instance": "postgres",
                            "name": "udb",
                            "project": "causal-temple-244304",
                            "self_link": "https://www.googleapis.com/sql/v1beta4/projects/causal-temple-244304/instances/postgres/databases/udb"
                        },
                        "meta": {
                            "e2bfb730-ecaa-11e6-8f88-34363bc7c4c0": {
                                "create": 900000000000,
                                "delete": 600000000000,
                                "update": 600000000000
                            }
                        },
                        "tainted": false
                    },
                    "deposed": [],
                    "provider": "provider.google"
                },
                "google_sql_database_instance.postgres": {
                    "type": "google_sql_database_instance",
                    "depends_on": [],
                    "primary": {
                        "id": "postgres",
                        "attributes": {
                            "connection_name": "causal-temple-244304:us-west1:postgres",
                            "database_version": "POSTGRES_9_6",
                            "first_ip_address": "35.247.43.4",
                            "id": "postgres",
                            "ip_address.#": "1",
                            "ip_address.0.ip_address": "35.247.43.4",
                            "ip_address.0.time_to_retire": "",
                            "ip_address.0.type": "PRIMARY",
                            "master_instance_name": "",
                            "name": "postgres",
                            "private_ip_address": "",
                            "project": "causal-temple-244304",
                            "public_ip_address": "35.247.43.4",
                            "region": "us-west1",
                            "replica_configuration.#": "0",
                            "self_link": "https://www.googleapis.com/sql/v1beta4/projects/causal-temple-244304/instances/postgres",
                            "server_ca_cert.#": "1",
                            "server_ca_cert.0.cert": "-----BEGIN CERTIFICATE-----\nMIIDfzCCAmegAwIBAgIBADANBgkqhkiG9w0BAQsFADB3MS0wKwYDVQQuEyRlMWJi\nMjQyNi1mMjNmLTQ5MjktYWExOC1kMjkzNTdmZmVhMWQxIzAhBgNVBAMTGkdvb2ds\nZSBDbG91ZCBTUUwgU2VydmVyIENBMRQwEgYDVQQKEwtHb29nbGUsIEluYzELMAkG\nA1UEBhMCVVMwHhcNMTkwNjIxMjAzOTAzWhcNMjkwNjE4MjA0MDAzWjB3MS0wKwYD\nVQQuEyRlMWJiMjQyNi1mMjNmLTQ5MjktYWExOC1kMjkzNTdmZmVhMWQxIzAhBgNV\nBAMTGkdvb2dsZSBDbG91ZCBTUUwgU2VydmVyIENBMRQwEgYDVQQKEwtHb29nbGUs\nIEluYzELMAkGA1UEBhMCVVMwggEiMA0GCSqGSIb3DQEBAQUAA4IBDwAwggEKAoIB\nAQC3qYAoc+zxAOyCbn1lP+K1KSUd2yp+d+u5dpZFSoQn/BQXFGeh+BjL/Zseo7+5\nIk4cf3xnAaAl/9n6g1+dtrKBoLjSgOHNcdYzttceDdIPN+tcUoSm889Rbqp9aJC/\nwKc0weJJ0AuK9TpX1WeVLo6kTxlcA7c9kn7KVR47nB8U+XCrVN9RcKO3i0YCeakS\nWyeDreUF0cxmLbYVPM+SNZ7nGCMcJGIw7CWCHxJZyd7ijwEMRKan7JAFSxhUtGz3\nX51Z4MnpZgkEFLdUIEywooMSTaMZMCsYdQ6/BQ1+XNMitxvzfXrWBFj+APNMjd0i\nqcBw8BtPk9iOO/YkAK+b33G1AgMBAAGjFjAUMBIGA1UdEwEB/wQIMAYBAf8CAQAw\nDQYJKoZIhvcNAQELBQADggEBACxxLJkEwcQJzPnJIl7XC2rhPgiSYmOfQYEiBX6c\nRZd6I4oWH6XqyT/8o+Cx+v0lU6lqrDayctWQqtC79y7e3AOqnm0/d/HzgwwxB7p4\nm4Y7yKVQM/5Y8Zb+frYxp1zXEhzXhbNUt7cmNK1fqs8L4FMCUKAV3kRf+lj7ho4B\nVdwmb7vK0ViuxD3+zAHNKW+Y2Rh9+nsvR/m8M4rSPD5sIKe7iEa6ZO6DuTU/MefZ\nR/On10c834BUKmi/nk7qckXIP3se2q983+V06XOoBl/NRR/evl4mRzTUMNqeRNi1\ntnRnvmdFaAVXm7pWKtChMV1Cg/mvNk/5C8fwSakX27qYIzU=\n-----END CERTIFICATE-----",
                            "server_ca_cert.0.common_name": "C=US,O=Google\\, Inc,CN=Google Cloud SQL Server CA,dnQualifier=e1bb2426-f23f-4929-aa18-d29357ffea1d",
                            "server_ca_cert.0.create_time": "2019-06-21T20:39:03.389Z",
                            "server_ca_cert.0.expiration_time": "2029-06-18T20:40:03.389Z",
                            "server_ca_cert.0.sha1_fingerprint": "1234e5921273138f5262ac229a36d577c2ac43ed",
                            "service_account_email_address": "p866362563196-b1rmyg@gcp-sa-cloud-sql.iam.gserviceaccount.com",
                            "settings.#": "1",
                            "settings.0.activation_policy": "ALWAYS",
                            "settings.0.authorized_gae_applications.#": "0",
                            "settings.0.availability_type": "",
                            "settings.0.backup_configuration.#": "1",
                            "settings.0.backup_configuration.0.binary_log_enabled": "false",
                            "settings.0.backup_configuration.0.enabled": "false",
                            "settings.0.backup_configuration.0.start_time": "18:00",
                            "settings.0.crash_safe_replication": "false",
                            "settings.0.database_flags.#": "0",
                            "settings.0.disk_autoresize": "true",
                            "settings.0.disk_size": "10",
                            "settings.0.disk_type": "PD_SSD",
                            "settings.0.ip_configuration.#": "1",
                            "settings.0.ip_configuration.0.authorized_networks.#": "0",
                            "settings.0.ip_configuration.0.ipv4_enabled": "true",
                            "settings.0.ip_configuration.0.private_network": "",
                            "settings.0.ip_configuration.0.require_ssl": "false",
                            "settings.0.location_preference.#": "1",
                            "settings.0.location_preference.0.follow_gae_application": "",
                            "settings.0.location_preference.0.zone": "us-west1-b",
                            "settings.0.maintenance_window.#": "0",
                            "settings.0.pricing_plan": "PER_USE",
                            "settings.0.replication_type": "SYNCHRONOUS",
                            "settings.0.tier": "db-f1-micro",
                            "settings.0.user_labels.%": "0",
                            "settings.0.version": "1"
                        },
                        "meta": {
                            "e2bfb730-ecaa-11e6-8f88-34363bc7c4c0": {
                                "create": 1200000000000,
                                "delete": 1200000000000,
                                "update": 1200000000000
                            }
                        },
                        "tainted": false
                    },
                    "deposed": [],
                    "provider": "provider.google"
                },
                "google_sql_user.users": {
                    "type": "google_sql_user",
                    "depends_on": [
                        "google_sql_database_instance.postgres"
                    ],
                    "primary": {
                        "id": "postgres//postgres",
                        "attributes": {
                            "host": "",
                            "id": "postgres//postgres",
                            "instance": "postgres",
                            "name": "postgres",
                            "password": "postgres123",
                            "project": "causal-temple-244304"
                        },
                        "meta": {
                            "schema_version": "1"
                        },
                        "tainted": false
                    },
                    "deposed": [],
                    "provider": "provider.google"
                },
                "random_id.instance_id": {
                    "type": "random_id",
                    "depends_on": [],
                    "primary": {
                        "id": "PbtXU1Yt8po",
                        "attributes": {
                            "b64": "PbtXU1Yt8po",
                            "b64_std": "PbtXU1Yt8po=",
                            "b64_url": "PbtXU1Yt8po",
                            "byte_length": "8",
                            "dec": "4448245072398250650",
                            "hex": "3dbb5753562df29a",
                            "id": "PbtXU1Yt8po"
                        },
                        "meta": {},
                        "tainted": false
                    },
                    "deposed": [],
                    "provider": "provider.random"
                }
            },
            "depends_on": []
        }
    ]
}
