{
    "version": 3,
    "terraform_version": "0.11.11",
    "serial": 2,
    "lineage": "2485f705-4da3-9332-1cf7-f0003dc1f86b",
    "modules": [
        {
            "path": [
                "root"
            ],
            "outputs": {},
            "resources": {
                "random_id.instance_id": {
                    "type": "random_id",
                    "depends_on": [],
                    "primary": {
                        "id": "kSeqLWpW61E",
                        "attributes": {
                            "b64": "kSeqLWpW61E",
                            "b64_std": "kSeqLWpW61E=",
                            "b64_url": "kSeqLWpW61E",
                            "byte_length": "8",
                            "dec": "10459515771625597777",
                            "hex": "9127aa2d6a56eb51",
                            "id": "kSeqLWpW61E"
                        },
                        "meta": {},
                        "tainted": false
                    },
                    "deposed": [],
                    "provider": "provider.random"
                }
            },
            "depends_on": []
        }
    ]
}
