{
    "version": 3,
    "terraform_version": "0.11.11",
    "serial": 12,
    "lineage": "2485f705-4da3-9332-1cf7-f0003dc1f86b",
    "modules": [
        {
            "path": [
                "root"
            ],
            "outputs": {},
            "resources": {
                "google_compute_firewall.allow-http": {
                    "type": "google_compute_firewall",
                    "depends_on": [
                        "google_compute_network.cot_net"
                    ],
                    "primary": {
                        "id": "cot-fw-allow-http",
                        "attributes": {
                            "allow.#": "1",
                            "allow.272637744.ports.#": "1",
                            "allow.272637744.ports.0": "80",
                            "allow.272637744.protocol": "tcp",
                            "creation_timestamp": "2019-06-23T13:42:17.282-07:00",
                            "deny.#": "0",
                            "description": "",
                            "destination_ranges.#": "0",
                            "direction": "INGRESS",
                            "disabled": "false",
                            "id": "cot-fw-allow-http",
                            "name": "cot-fw-allow-http",
                            "network": "https://www.googleapis.com/compute/v1/projects/causal-temple-244304/global/networks/cot-net",
                            "priority": "1000",
                            "project": "causal-temple-244304",
                            "self_link": "https://www.googleapis.com/compute/v1/projects/causal-temple-244304/global/firewalls/cot-fw-allow-http",
                            "source_ranges.#": "1",
                            "source_ranges.1080289494": "0.0.0.0/0",
                            "source_service_accounts.#": "0",
                            "source_tags.#": "0",
                            "target_service_accounts.#": "0",
                            "target_tags.#": "1",
                            "target_tags.2541227442": "http"
                        },
                        "meta": {
                            "e2bfb730-ecaa-11e6-8f88-34363bc7c4c0": {
                                "create": 240000000000,
                                "delete": 240000000000,
                                "update": 240000000000
                            },
                            "schema_version": "1"
                        },
                        "tainted": false
                    },
                    "deposed": [],
                    "provider": "provider.google"
                },
                "google_compute_firewall.allow-ssh": {
                    "type": "google_compute_firewall",
                    "depends_on": [
                        "google_compute_network.cot_net"
                    ],
                    "primary": {
                        "id": "cot-fw-allow-ssh",
                        "attributes": {
                            "allow.#": "1",
                            "allow.803338340.ports.#": "1",
                            "allow.803338340.ports.0": "22",
                            "allow.803338340.protocol": "tcp",
                            "creation_timestamp": "2019-06-23T13:42:17.461-07:00",
                            "deny.#": "0",
                            "description": "",
                            "destination_ranges.#": "0",
                            "direction": "INGRESS",
                            "disabled": "false",
                            "id": "cot-fw-allow-ssh",
                            "name": "cot-fw-allow-ssh",
                            "network": "https://www.googleapis.com/compute/v1/projects/causal-temple-244304/global/networks/cot-net",
                            "priority": "1000",
                            "project": "causal-temple-244304",
                            "self_link": "https://www.googleapis.com/compute/v1/projects/causal-temple-244304/global/firewalls/cot-fw-allow-ssh",
                            "source_ranges.#": "1",
                            "source_ranges.1080289494": "0.0.0.0/0",
                            "source_service_accounts.#": "0",
                            "source_tags.#": "0",
                            "target_service_accounts.#": "0",
                            "target_tags.#": "1",
                            "target_tags.4002270276": "ssh"
                        },
                        "meta": {
                            "e2bfb730-ecaa-11e6-8f88-34363bc7c4c0": {
                                "create": 240000000000,
                                "delete": 240000000000,
                                "update": 240000000000
                            },
                            "schema_version": "1"
                        },
                        "tainted": false
                    },
                    "deposed": [],
                    "provider": "provider.google"
                },
                "google_compute_firewall.allow_internal": {
                    "type": "google_compute_firewall",
                    "depends_on": [
                        "google_compute_network.cot_net"
                    ],
                    "primary": {
                        "id": "cot-fw-allow-internal",
                        "attributes": {
                            "allow.#": "3",
                            "allow.1367131964.ports.#": "0",
                            "allow.1367131964.protocol": "icmp",
                            "allow.2250996047.ports.#": "1",
                            "allow.2250996047.ports.0": "0-65535",
                            "allow.2250996047.protocol": "tcp",
                            "allow.884285603.ports.#": "1",
                            "allow.884285603.ports.0": "0-65535",
                            "allow.884285603.protocol": "udp",
                            "creation_timestamp": "2019-06-23T13:42:17.458-07:00",
                            "deny.#": "0",
                            "description": "",
                            "destination_ranges.#": "0",
                            "direction": "INGRESS",
                            "disabled": "false",
                            "id": "cot-fw-allow-internal",
                            "name": "cot-fw-allow-internal",
                            "network": "https://www.googleapis.com/compute/v1/projects/causal-temple-244304/global/networks/cot-net",
                            "priority": "1000",
                            "project": "causal-temple-244304",
                            "self_link": "https://www.googleapis.com/compute/v1/projects/causal-temple-244304/global/firewalls/cot-fw-allow-internal",
                            "source_ranges.#": "2",
                            "source_ranges.2186379774": "10.0.2.0/24",
                            "source_ranges.80081744": "10.0.1.0/24",
                            "source_service_accounts.#": "0",
                            "source_tags.#": "0",
                            "target_service_accounts.#": "0",
                            "target_tags.#": "0"
                        },
                        "meta": {
                            "e2bfb730-ecaa-11e6-8f88-34363bc7c4c0": {
                                "create": 240000000000,
                                "delete": 240000000000,
                                "update": 240000000000
                            },
                            "schema_version": "1"
                        },
                        "tainted": false
                    },
                    "deposed": [],
                    "provider": "provider.google"
                },
                "google_compute_instance.cot_back": {
                    "type": "google_compute_instance",
                    "depends_on": [
                        "google_compute_subnetwork.cot_pub_net"
                    ],
                    "primary": {
                        "id": "cot-back",
                        "attributes": {
                            "attached_disk.#": "0",
                            "boot_disk.#": "1",
                            "boot_disk.0.auto_delete": "true",
                            "boot_disk.0.device_name": "persistent-disk-0",
                            "boot_disk.0.disk_encryption_key_raw": "",
                            "boot_disk.0.disk_encryption_key_sha256": "",
                            "boot_disk.0.initialize_params.#": "1",
                            "boot_disk.0.initialize_params.0.image": "https://www.googleapis.com/compute/v1/projects/centos-cloud/global/images/centos-7-v20180129",
                            "boot_disk.0.initialize_params.0.size": "10",
                            "boot_disk.0.initialize_params.0.type": "pd-standard",
                            "boot_disk.0.kms_key_self_link": "",
                            "boot_disk.0.source": "https://www.googleapis.com/compute/v1/projects/causal-temple-244304/zones/us-west1-b/disks/cot-back",
                            "can_ip_forward": "false",
                            "cpu_platform": "Intel Broadwell",
                            "deletion_protection": "false",
                            "guest_accelerator.#": "0",
                            "hostname": "",
                            "id": "cot-back",
                            "instance_id": "6583654902371867049",
                            "label_fingerprint": "bGQQ8F_o3-k=",
                            "labels.%": "1",
                            "labels.webserver": "true",
                            "machine_type": "f1-micro",
                            "metadata.%": "1",
                            "metadata.startup-script": "        apt-get -y update\n        apt-get -y install nginx\n        export HOSTNAME=$(hostname | tr -d '\\n')\n        export PRIVATE_IP=$(curl -sf -H 'Metadata-Flavor:Google' http://metadata/computeMetadata/v1/instance/network-interfaces/0/ip | tr -d '\\n')\n        echo \"Welcome to $HOSTNAME - $PRIVATE_IP\" \u003e /usr/share/nginx/www/index.html\n        service nginx start\n        ",
                            "metadata_fingerprint": "ncMsrO3cYi4=",
                            "min_cpu_platform": "",
                            "name": "cot-back",
                            "network_interface.#": "1",
                            "network_interface.0.access_config.#": "1",
                            "network_interface.0.access_config.0.assigned_nat_ip": "",
                            "network_interface.0.access_config.0.nat_ip": "35.247.81.74",
                            "network_interface.0.access_config.0.network_tier": "PREMIUM",
                            "network_interface.0.access_config.0.public_ptr_domain_name": "",
                            "network_interface.0.address": "",
                            "network_interface.0.alias_ip_range.#": "0",
                            "network_interface.0.name": "nic0",
                            "network_interface.0.network": "https://www.googleapis.com/compute/v1/projects/causal-temple-244304/global/networks/cot-net",
                            "network_interface.0.network_ip": "10.0.1.3",
                            "network_interface.0.subnetwork": "https://www.googleapis.com/compute/v1/projects/causal-temple-244304/regions/us-west1/subnetworks/cot-pub-net",
                            "network_interface.0.subnetwork_project": "causal-temple-244304",
                            "project": "causal-temple-244304",
                            "scheduling.#": "1",
                            "scheduling.0.automatic_restart": "true",
                            "scheduling.0.node_affinities.#": "0",
                            "scheduling.0.on_host_maintenance": "MIGRATE",
                            "scheduling.0.preemptible": "false",
                            "scratch_disk.#": "0",
                            "self_link": "https://www.googleapis.com/compute/v1/projects/causal-temple-244304/zones/us-west1-b/instances/cot-back",
                            "service_account.#": "0",
                            "shielded_instance_config.#": "0",
                            "tags.#": "2",
                            "tags.2541227442": "http",
                            "tags.4002270276": "ssh",
                            "tags_fingerprint": "7XLBdwIeS7E=",
                            "zone": "us-west1-b"
                        },
                        "meta": {
                            "e2bfb730-ecaa-11e6-8f88-34363bc7c4c0": {
                                "create": 1200000000000,
                                "delete": 1200000000000,
                                "update": 1200000000000
                            },
                            "schema_version": "6"
                        },
                        "tainted": false
                    },
                    "deposed": [],
                    "provider": "provider.google"
                },
                "google_compute_network.cot_net": {
                    "type": "google_compute_network",
                    "depends_on": [],
                    "primary": {
                        "id": "cot-net",
                        "attributes": {
                            "auto_create_subnetworks": "false",
                            "delete_default_routes_on_create": "false",
                            "description": "",
                            "gateway_ipv4": "",
                            "id": "cot-net",
                            "ipv4_range": "",
                            "name": "cot-net",
                            "project": "causal-temple-244304",
                            "routing_mode": "GLOBAL",
                            "self_link": "https://www.googleapis.com/compute/v1/projects/causal-temple-244304/global/networks/cot-net"
                        },
                        "meta": {
                            "e2bfb730-ecaa-11e6-8f88-34363bc7c4c0": {
                                "create": 240000000000,
                                "delete": 240000000000,
                                "update": 240000000000
                            }
                        },
                        "tainted": false
                    },
                    "deposed": [],
                    "provider": "provider.google"
                },
                "google_compute_subnetwork.cot_priv_net": {
                    "type": "google_compute_subnetwork",
                    "depends_on": [
                        "google_compute_network.cot_net"
                    ],
                    "primary": {
                        "id": "us-west1/cot-priv-net",
                        "attributes": {
                            "creation_timestamp": "2019-06-23T13:42:17.532-07:00",
                            "description": "",
                            "enable_flow_logs": "false",
                            "fingerprint": "TujfRgYAEyw=",
                            "gateway_address": "10.0.2.1",
                            "id": "us-west1/cot-priv-net",
                            "ip_cidr_range": "10.0.2.0/24",
                            "name": "cot-priv-net",
                            "network": "https://www.googleapis.com/compute/v1/projects/causal-temple-244304/global/networks/cot-net",
                            "private_ip_google_access": "false",
                            "project": "causal-temple-244304",
                            "region": "us-west1",
                            "secondary_ip_range.#": "0",
                            "self_link": "https://www.googleapis.com/compute/v1/projects/causal-temple-244304/regions/us-west1/subnetworks/cot-priv-net"
                        },
                        "meta": {
                            "e2bfb730-ecaa-11e6-8f88-34363bc7c4c0": {
                                "create": 360000000000,
                                "delete": 360000000000,
                                "update": 360000000000
                            }
                        },
                        "tainted": false
                    },
                    "deposed": [],
                    "provider": "provider.google"
                },
                "google_compute_subnetwork.cot_pub_net": {
                    "type": "google_compute_subnetwork",
                    "depends_on": [
                        "google_compute_network.cot_net"
                    ],
                    "primary": {
                        "id": "us-west1/cot-pub-net",
                        "attributes": {
                            "creation_timestamp": "2019-06-23T13:42:17.999-07:00",
                            "description": "",
                            "enable_flow_logs": "false",
                            "fingerprint": "7wXI3yXVLvg=",
                            "gateway_address": "10.0.1.1",
                            "id": "us-west1/cot-pub-net",
                            "ip_cidr_range": "10.0.1.0/24",
                            "name": "cot-pub-net",
                            "network": "https://www.googleapis.com/compute/v1/projects/causal-temple-244304/global/networks/cot-net",
                            "private_ip_google_access": "false",
                            "project": "causal-temple-244304",
                            "region": "us-west1",
                            "secondary_ip_range.#": "0",
                            "self_link": "https://www.googleapis.com/compute/v1/projects/causal-temple-244304/regions/us-west1/subnetworks/cot-pub-net"
                        },
                        "meta": {
                            "e2bfb730-ecaa-11e6-8f88-34363bc7c4c0": {
                                "create": 360000000000,
                                "delete": 360000000000,
                                "update": 360000000000
                            }
                        },
                        "tainted": false
                    },
                    "deposed": [],
                    "provider": "provider.google"
                }
            },
            "depends_on": []
        }
    ]
}
